// !$*UTF8*$!
{
	archiveVersion = 1;
	classes = {
	};
	objectVersion = 48;
	objects = {

/* Begin PBXBuildFile section */
		D85D487A1FADB7FF00C2EBA7 /* AppDelegate.swift in Sources */ = {isa = PBXBuildFile; fileRef = D85D48791FADB7FF00C2EBA7 /* AppDelegate.swift */; };
		D85D487C1FADB7FF00C2EBA7 /* ViewController.swift in Sources */ = {isa = PBXBuildFile; fileRef = D85D487B1FADB7FF00C2EBA7 /* ViewController.swift */; };
		D85D487F1FADB7FF00C2EBA7 /* Main.storyboard in Resources */ = {isa = PBXBuildFile; fileRef = D85D487D1FADB7FF00C2EBA7 /* Main.storyboard */; };
		D85D48811FADB7FF00C2EBA7 /* Assets.xcassets in Resources */ = {isa = PBXBuildFile; fileRef = D85D48801FADB7FF00C2EBA7 /* Assets.xcassets */; };
		D85D48841FADB7FF00C2EBA7 /* LaunchScreen.storyboard in Resources */ = {isa = PBXBuildFile; fileRef = D85D48821FADB7FF00C2EBA7 /* LaunchScreen.storyboard */; };
		D85D488D1FADBA1C00C2EBA7 /* Inceptionv3.mlmodel in Sources */ = {isa = PBXBuildFile; fileRef = D85D488C1FADBA1C00C2EBA7 /* Inceptionv3.mlmodel */; };
/* End PBXBuildFile section */

/* Begin PBXFileReference section */
		D85D48761FADB7FF00C2EBA7 /* LiveStreamPrediction.app */ = {isa = PBXFileReference; explicitFileType = wrapper.application; includeInIndex = 0; path = LiveStreamPrediction.app; sourceTree = BUILT_PRODUCTS_DIR; };
		D85D48791FADB7FF00C2EBA7 /* AppDelegate.swift */ = {isa = PBXFileReference; lastKnownFileType = sourcecode.swift; path = AppDelegate.swift; sourceTree = "<group>"; };
		D85D487B1FADB7FF00C2EBA7 /* ViewController.swift */ = {isa = PBXFileReference; lastKnownFileType = sourcecode.swift; path = ViewController.swift; sourceTree = "<group>"; };
		D85D487E1FADB7FF00C2EBA7 /* Base */ = {isa = PBXFileReference; lastKnownFileType = file.storyboard; name = Base; path = Base.lproj/Main.storyboard; sourceTree = "<group>"; };
		D85D48801FADB7FF00C2EBA7 /* Assets.xcassets */ = {isa = PBXFileReference; lastKnownFileType = folder.assetcatalog; path = Assets.xcassets; sourceTree = "<group>"; };
		D85D48831FADB7FF00C2EBA7 /* Base */ = {isa = PBXFileReference; lastKnownFileType = file.storyboard; name = Base; path = Base.lproj/LaunchScreen.storyboard; sourceTree = "<group>"; };
		D85D48851FADB7FF00C2EBA7 /* Info.plist */ = {isa = PBXFileReference; lastKnownFileType = text.plist.xml; path = Info.plist; sourceTree = "<group>"; };
		D85D488C1FADBA1C00C2EBA7 /* Inceptionv3.mlmodel */ = {isa = PBXFileReference; lastKnownFileType = file.mlmodel; path = Inceptionv3.mlmodel; sourceTree = "<group>"; };
/* End PBXFileReference section */

/* Begin PBXFrameworksBuildPhase section */
		D85D48731FADB7FF00C2EBA7 /* Frameworks */ = {
			isa = PBXFrameworksBuildPhase;
			buildActionMask = 2147483647;
			files = (
			);
			runOnlyForDeploymentPostprocessing = 0;
		};
/* End PBXFrameworksBuildPhase section */

/* Begin PBXGroup section */
		D85D486D1FADB7FE00C2EBA7 = {
			isa = PBXGroup;
			children = (
				D85D48781FADB7FF00C2EBA7 /* LiveStreamPrediction */,
				D85D48771FADB7FF00C2EBA7 /* Products */,
			);
			sourceTree = "<group>";
		};
		D85D48771FADB7FF00C2EBA7 /* Products */ = {
			isa = PBXGroup;
			children = (
				D85D48761FADB7FF00C2EBA7 /* LiveStreamPrediction.app */,
			);
			name = Products;
			sourceTree = "<group>";
		};
		D85D48781FADB7FF00C2EBA7 /* LiveStreamPrediction */ = {
			isa = PBXGroup;
			children = (
				D85D488B1FADB99200C2EBA7 /* CoreML Model */,
				D85D48791FADB7FF00C2EBA7 /* AppDelegate.swift */,
				D85D487B1FADB7FF00C2EBA7 /* ViewController.swift */,
				D85D487D1FADB7FF00C2EBA7 /* Main.storyboard */,
				D85D48801FADB7FF00C2EBA7 /* Assets.xcassets */,
				D85D48821FADB7FF00C2EBA7 /* LaunchScreen.storyboard */,
				D85D48851FADB7FF00C2EBA7 /* Info.plist */,
			);
			path = LiveStreamPrediction;
			sourceTree = "<group>";
		};
		D85D488B1FADB99200C2EBA7 /* CoreML Model */ = {
			isa = PBXGroup;
			children = (
				D85D488C1FADBA1C00C2EBA7 /* Inceptionv3.mlmodel */,
			);
			path = "CoreML Model";
			sourceTree = "<group>";
		};
/* End PBXGroup section */

/* Begin PBXNativeTarget section */
		D85D48751FADB7FF00C2EBA7 /* LiveStreamPrediction */ = {
			isa = PBXNativeTarget;
			buildConfigurationList = D85D48881FADB80000C2EBA7 /* Build configuration list for PBXNativeTarget "LiveStreamPrediction" */;
			buildPhases = (
				D85D48721FADB7FF00C2EBA7 /* Sources */,
				D85D48731FADB7FF00C2EBA7 /* Frameworks */,
				D85D48741FADB7FF00C2EBA7 /* Resources */,
			);
			buildRules = (
			);
			dependencies = (
			);
			name = LiveStreamPrediction;
			productName = LiveStreamPrediction;
			productReference = D85D48761FADB7FF00C2EBA7 /* LiveStreamPrediction.app */;
			productType = "com.apple.product-type.application";
		};
/* End PBXNativeTarget section */

/* Begin PBXProject section */
		D85D486E1FADB7FE00C2EBA7 /* Project object */ = {
			isa = PBXProject;
			attributes = {
				LastSwiftUpdateCheck = 0910;
				LastUpgradeCheck = 0910;
				ORGANIZATIONNAME = Surya;
				TargetAttributes = {
					D85D48751FADB7FF00C2EBA7 = {
						CreatedOnToolsVersion = 9.1;
						ProvisioningStyle = Automatic;
					};
				};
			};
			buildConfigurationList = D85D48711FADB7FF00C2EBA7 /* Build configuration list for PBXProject "LiveStreamPrediction" */;
			compatibilityVersion = "Xcode 8.0";
			developmentRegion = en;
			hasScannedForEncodings = 0;
			knownRegions = (
				en,
				Base,
			);
			mainGroup = D85D486D1FADB7FE00C2EBA7;
			productRefGroup = D85D48771FADB7FF00C2EBA7 /* Products */;
			projectDirPath = "";
			projectRoot = "";
			targets = (
				D85D48751FADB7FF00C2EBA7 /* LiveStreamPrediction */,
			);
		};
/* End PBXProject section */

/* Begin PBXResourcesBuildPhase section */
		D85D48741FADB7FF00C2EBA7 /* Resources */ = {
			isa = PBXResourcesBuildPhase;
			buildActionMask = 2147483647;
			files = (
				D85D48841FADB7FF00C2EBA7 /* LaunchScreen.storyboard in Resources */,
				D85D48811FADB7FF00C2EBA7 /* Assets.xcassets in Resources */,
				D85D487F1FADB7FF00C2EBA7 /* Main.storyboard in Resources */,
			);
			runOnlyForDeploymentPostprocessing = 0;
		};
/* End PBXResourcesBuildPhase section */

/* Begin PBXSourcesBuildPhase section */
		D85D48721FADB7FF00C2EBA7 /* Sources */ = {
			isa = PBXSourcesBuildPhase;
			buildActionMask = 2147483647;
			files = (
				D85D487C1FADB7FF00C2EBA7 /* ViewController.swift in Sources */,
				D85D488D1FADBA1C00C2EBA7 /* Inceptionv3.mlmodel in Sources */,
				D85D487A1FADB7FF00C2EBA7 /* AppDelegate.swift in Sources */,
			);
			runOnlyForDeploymentPostprocessing = 0;
		};
/* End PBXSourcesBuildPhase section */

/* Begin PBXVariantGroup section */
		D85D487D1FADB7FF00C2EBA7 /* Main.storyboard */ = {
			isa = PBXVariantGroup;
			children = (
				D85D487E1FADB7FF00C2EBA7 /* Base */,
			);
			name = Main.storyboard;
			sourceTree = "<group>";
		};
		D85D48821FADB7FF00C2EBA7 /* LaunchScreen.storyboard */ = {
			isa = PBXVariantGroup;
			children = (
				D85D48831FADB7FF00C2EBA7 /* Base */,
			);
			name = LaunchScreen.storyboard;
			sourceTree = "<group>";
		};
/* End PBXVariantGroup section */

/* Begin XCBuildConfiguration section */
		D85D48861FADB80000C2EBA7 /* Debug */ = {
			isa = XCBuildConfiguration;
			buildSettings = {
				ALWAYS_SEARCH_USER_PATHS = NO;
				CLANG_ANALYZER_NONNULL = YES;
				CLANG_ANALYZER_NUMBER_OBJECT_CONVERSION = YES_AGGRESSIVE;
				CLANG_CXX_LANGUAGE_STANDARD = "gnu++14";
				CLANG_CXX_LIBRARY = "libc++";
				CLANG_ENABLE_MODULES = YES;
				CLANG_ENABLE_OBJC_ARC = YES;
				CLANG_WARN_BLOCK_CAPTURE_AUTORELEASING = YES;
				CLANG_WARN_BOOL_CONVERSION = YES;
				CLANG_WARN_COMMA = YES;
				CLANG_WARN_CONSTANT_CONVERSION = YES;
				CLANG_WARN_DIRECT_OBJC_ISA_USAGE = YES_ERROR;
				CLANG_WARN_DOCUMENTATION_COMMENTS = YES;
				CLANG_WARN_EMPTY_BODY = YES;
				CLANG_WARN_ENUM_CONVERSION = YES;
				CLANG_WARN_INFINITE_RECURSION = YES;
				CLANG_WARN_INT_CONVERSION = YES;
				CLANG_WARN_NON_LITERAL_NULL_CONVERSION = YES;
				CLANG_WARN_OBJC_LITERAL_CONVERSION = YES;
				CLANG_WARN_OBJC_ROOT_CLASS = YES_ERROR;
				CLANG_WARN_RANGE_LOOP_ANALYSIS = YES;
				CLANG_WARN_STRICT_PROTOTYPES = YES;
				CLANG_WARN_SUSPICIOUS_MOVE = YES;
				CLANG_WARN_UNGUARDED_AVAILABILITY = YES_AGGRESSIVE;
				CLANG_WARN_UNREACHABLE_CODE = YES;
				CLANG_WARN__DUPLICATE_METHOD_MATCH = YES;
				CODE_SIGN_IDENTITY = "iPhone Developer";
				COPY_PHASE_STRIP = NO;
				DEBUG_INFORMATION_FORMAT = dwarf;
				ENABLE_STRICT_OBJC_MSGSEND = YES;
				ENABLE_TESTABILITY = YES;
				GCC_C_LANGUAGE_STANDARD = gnu11;
				GCC_DYNAMIC_NO_PIC = NO;
				GCC_NO_COMMON_BLOCKS = YES;
				GCC_OPTIMIZATION_LEVEL = 0;
				GCC_PREPROCESSOR_DEFINITIONS = (
					"DEBUG=1",
					"$(inherited)",
				);
				GCC_WARN_64_TO_32_BIT_CONVERSION = YES;
				GCC_WARN_ABOUT_RETURN_TYPE = YES_ERROR;
				GCC_WARN_UNDECLARED_SELECTOR = YES;
				GCC_WARN_UNINITIALIZED_AUTOS = YES_AGGRESSIVE;
				GCC_WARN_UNUSED_FUNCTION = YES;
				GCC_WARN_UNUSED_VARIABLE = YES;
				IPHONEOS_DEPLOYMENT_TARGET = 11.1;
				MTL_ENABLE_DEBUG_INFO = YES;
				ONLY_ACTIVE_ARCH = YES;
				SDKROOT = iphoneos;
				SWIFT_ACTIVE_COMPILATION_CONDITIONS = DEBUG;
				SWIFT_OPTIMIZATION_LEVEL = "-Onone";
			};
			name = Debug;
		};
		D85D48871FADB80000C2EBA7 /* Release */ = {
			isa = XCBuildConfiguration;
			buildSettings = {
				ALWAYS_SEARCH_USER_PATHS = NO;
				CLANG_ANALYZER_NONNULL = YES;
				CLANG_ANALYZER_NUMBER_OBJECT_CONVERSION = YES_AGGRESSIVE;
				CLANG_CXX_LANGUAGE_STANDARD = "gnu++14";
				CLANG_CXX_LIBRARY = "libc++";
				CLANG_ENABLE_MODULES = YES;
				CLANG_ENABLE_OBJC_ARC = YES;
				CLANG_WARN_BLOCK_CAPTURE_AUTORELEASING = YES;
				CLANG_WARN_BOOL_CONVERSION = YES;
				CLANG_WARN_COMMA = YES;
				CLANG_WARN_CONSTANT_CONVERSION = YES;
				CLANG_WARN_DIRECT_OBJC_ISA_USAGE = YES_ERROR;
				CLANG_WARN_DOCUMENTATION_COMMENTS = YES;
				CLANG_WARN_EMPTY_BODY = YES;
				CLANG_WARN_ENUM_CONVERSION = YES;
				CLANG_WARN_INFINITE_RECURSION = YES;
				CLANG_WARN_INT_CONVERSION = YES;
				CLANG_WARN_NON_LITERAL_NULL_CONVERSION = YES;
				CLANG_WARN_OBJC_LITERAL_CONVERSION = YES;
				CLANG_WARN_OBJC_ROOT_CLASS = YES_ERROR;
				CLANG_WARN_RANGE_LOOP_ANALYSIS = YES;
				CLANG_WARN_STRICT_PROTOTYPES = YES;
				CLANG_WARN_SUSPICIOUS_MOVE = YES;
				CLANG_WARN_UNGUARDED_AVAILABILITY = YES_AGGRESSIVE;
				CLANG_WARN_UNREACHABLE_CODE = YES;
				CLANG_WARN__DUPLICATE_METHOD_MATCH = YES;
				CODE_SIGN_IDENTITY = "iPhone Developer";
				COPY_PHASE_STRIP = NO;
				DEBUG_INFORMATION_FORMAT = "dwarf-with-dsym";
				ENABLE_NS_ASSERTIONS = NO;
				ENABLE_STRICT_OBJC_MSGSEND = YES;
				GCC_C_LANGUAGE_STANDARD = gnu11;
				GCC_NO_COMMON_BLOCKS = YES;
				GCC_WARN_64_TO_32_BIT_CONVERSION = YES;
				GCC_WARN_ABOUT_RETURN_TYPE = YES_ERROR;
				GCC_WARN_UNDECLARED_SELECTOR = YES;
				GCC_WARN_UNINITIALIZED_AUTOS = YES_AGGRESSIVE;
				GCC_WARN_UNUSED_FUNCTION = YES;
				GCC_WARN_UNUSED_VARIABLE = YES;
				IPHONEOS_DEPLOYMENT_TARGET = 11.1;
				MTL_ENABLE_DEBUG_INFO = NO;
				SDKROOT = iphoneos;
				SWIFT_OPTIMIZATION_LEVEL = "-Owholemodule";
				VALIDATE_PRODUCT = YES;
			};
			name = Release;
		};
		D85D48891FADB80000C2EBA7 /* Debug */ = {
			isa = XCBuildConfiguration;
			buildSettings = {
				ASSETCATALOG_COMPILER_APPICON_NAME = AppIcon;
				CODE_SIGN_STYLE = Automatic;
				DEVELOPMENT_TEAM = 4H2PL56CWE;
				INFOPLIST_FILE = LiveStreamPrediction/Info.plist;
				LD_RUNPATH_SEARCH_PATHS = "$(inherited) @executable_path/Frameworks";
				PRODUCT_BUNDLE_IDENTIFIER = com.devsurya.com.LiveStreamPrediction;
				PRODUCT_NAME = "$(TARGET_NAME)";
				SWIFT_VERSION = 4.0;
				TARGETED_DEVICE_FAMILY = "1,2";
			};
			name = Debug;
		};
		D85D488A1FADB80000C2EBA7 /* Release */ = {
			isa = XCBuildConfiguration;
			buildSettings = {
				ASSETCATALOG_COMPILER_APPICON_NAME = AppIcon;
				CODE_SIGN_STYLE = Automatic;
				DEVELOPMENT_TEAM = 4H2PL56CWE;
				INFOPLIST_FILE = LiveStreamPrediction/Info.plist;
				LD_RUNPATH_SEARCH_PATHS = "$(inherited) @executable_path/Frameworks";
				PRODUCT_BUNDLE_IDENTIFIER = com.devsurya.com.LiveStreamPrediction;
				PRODUCT_NAME = "$(TARGET_NAME)";
				SWIFT_VERSION = 4.0;
				TARGETED_DEVICE_FAMILY = "1,2";
			};
			name = Release;
		};
/* End XCBuildConfiguration section */

/* Begin XCConfigurationList section */
		D85D48711FADB7FF00C2EBA7 /* Build configuration list for PBXProject "LiveStreamPrediction" */ = {
			isa = XCConfigurationList;
			buildConfigurations = (
				D85D48861FADB80000C2EBA7 /* Debug */,
				D85D48871FADB80000C2EBA7 /* Release */,
			);
			defaultConfigurationIsVisible = 0;
			defaultConfigurationName = Release;
		};
		D85D48881FADB80000C2EBA7 /* Build configuration list for PBXNativeTarget "LiveStreamPrediction" */ = {
			isa = XCConfigurationList;
			buildConfigurations = (
				D85D48891FADB80000C2EBA7 /* Debug */,
				D85D488A1FADB80000C2EBA7 /* Release */,
			);
			defaultConfigurationIsVisible = 0;
			defaultConfigurationName = Release;
		};
/* End XCConfigurationList section */
	};
	rootObject = D85D486E1FADB7FE00C2EBA7 /* Project object */;
}
